// !$*UTF8*$!
{
	archiveVersion = 1;
	classes = {
	};
	objectVersion = 51;
	objects = {

/* Begin PBXBuildFile section */
		3AC18CE542BB60BB947170B3 /* Pods_Terna.framework in Frameworks */ = {isa = PBXBuildFile; fileRef = 9386ADB35B21890F5F55F1B5 /* Pods_Terna.framework */; };
		4716FCEE262241DF0080EBCC /* VideoCell.swift in Sources */ = {isa = PBXBuildFile; fileRef = 4716FCEB262241DF0080EBCC /* VideoCell.swift */; };
		4716FCEF262241DF0080EBCC /* Video.swift in Sources */ = {isa = PBXBuildFile; fileRef = 4716FCEC262241DF0080EBCC /* Video.swift */; };
		4716FCF0262241DF0080EBCC /* VideoListScreen.swift in Sources */ = {isa = PBXBuildFile; fileRef = 4716FCED262241DF0080EBCC /* VideoListScreen.swift */; };
		4716FCF8262242DD0080EBCC /* ChatListScreen.swift in Sources */ = {isa = PBXBuildFile; fileRef = 4716FCF5262242DD0080EBCC /* ChatListScreen.swift */; };
		4716FCF9262242DD0080EBCC /* ChatCell.swift in Sources */ = {isa = PBXBuildFile; fileRef = 4716FCF6262242DD0080EBCC /* ChatCell.swift */; };
		4716FCFA262242DD0080EBCC /* Chat.swift in Sources */ = {isa = PBXBuildFile; fileRef = 4716FCF7262242DD0080EBCC /* Chat.swift */; };
		620906022620D9E20002A549 /* BusinessManager.swift in Sources */ = {isa = PBXBuildFile; fileRef = 620906012620D9E20002A549 /* BusinessManager.swift */; };
		6209060A262114E70002A549 /* AnimatedCircledView.m in Sources */ = {isa = PBXBuildFile; fileRef = 62090609262114E70002A549 /* AnimatedCircledView.m */; };
		6264187B26205C3D00D337C6 /* TimeLineView.swift in Sources */ = {isa = PBXBuildFile; fileRef = 6264187A26205C3D00D337C6 /* TimeLineView.swift */; };
		6264188026205C8700D337C6 /* TimeLineStepModel.swift in Sources */ = {isa = PBXBuildFile; fileRef = 6264187F26205C8700D337C6 /* TimeLineStepModel.swift */; };
		6264188326205CAF00D337C6 /* TimeLineCellModel.swift in Sources */ = {isa = PBXBuildFile; fileRef = 6264188226205CAF00D337C6 /* TimeLineCellModel.swift */; };
		6264188626205DBA00D337C6 /* TimeLineInnerView.swift in Sources */ = {isa = PBXBuildFile; fileRef = 6264188526205DBA00D337C6 /* TimeLineInnerView.swift */; };
		6264188926205E6B00D337C6 /* TimeLineTableViewCell.swift in Sources */ = {isa = PBXBuildFile; fileRef = 6264188826205E6B00D337C6 /* TimeLineTableViewCell.swift */; };
		6264189D262067BF00D337C6 /* RoadMap.swift in Sources */ = {isa = PBXBuildFile; fileRef = 6264189C262067BF00D337C6 /* RoadMap.swift */; };
		626418A12620689000D337C6 /* RoadMap.storyboard in Resources */ = {isa = PBXBuildFile; fileRef = 626418A02620689000D337C6 /* RoadMap.storyboard */; };
		626418AA2620B82A00D337C6 /* StoriesViewController.swift in Sources */ = {isa = PBXBuildFile; fileRef = 626418A82620B82A00D337C6 /* StoriesViewController.swift */; };
		626418AB2620B82A00D337C6 /* StoriesViewController.xib in Resources */ = {isa = PBXBuildFile; fileRef = 626418A92620B82A00D337C6 /* StoriesViewController.xib */; };
		626418B22620BC1900D337C6 /* StoriesCollectionViewCell.swift in Sources */ = {isa = PBXBuildFile; fileRef = 626418B02620BC1900D337C6 /* StoriesCollectionViewCell.swift */; };
		626418B32620BC1900D337C6 /* StoriesCollectionViewCell.xib in Resources */ = {isa = PBXBuildFile; fileRef = 626418B12620BC1900D337C6 /* StoriesCollectionViewCell.xib */; };
		62B81B2726225A6000334628 /* Roadmap-Luigi.json in Resources */ = {isa = PBXBuildFile; fileRef = 62B81B2626225A6000334628 /* Roadmap-Luigi.json */; };
		62B81B2A26225A7400334628 /* Roadmap-Piero.json in Resources */ = {isa = PBXBuildFile; fileRef = 62B81B2926225A7400334628 /* Roadmap-Piero.json */; };
		62B81B2D26225C1500334628 /* Steps.swift in Sources */ = {isa = PBXBuildFile; fileRef = 62B81B2C26225C1500334628 /* Steps.swift */; };
		62F8D25A26211CD300793FF3 /* AnimatedRoundedView.swift in Sources */ = {isa = PBXBuildFile; fileRef = 62F8D25926211CD300793FF3 /* AnimatedRoundedView.swift */; };
		62F8D25F2621B0C500793FF3 /* TimeLineLastCell.swift in Sources */ = {isa = PBXBuildFile; fileRef = 62F8D25E2621B0C500793FF3 /* TimeLineLastCell.swift */; };
		62F8D26A2621BFCF00793FF3 /* CompletedStepsModalVC.swift in Sources */ = {isa = PBXBuildFile; fileRef = 62F8D2682621BFCF00793FF3 /* CompletedStepsModalVC.swift */; };
		62F8D26B2621BFCF00793FF3 /* CompletedStepsModalVC.xib in Resources */ = {isa = PBXBuildFile; fileRef = 62F8D2692621BFCF00793FF3 /* CompletedStepsModalVC.xib */; };
		62F8D26F2621C76C00793FF3 /* ChatbotViewController.swift in Sources */ = {isa = PBXBuildFile; fileRef = 62F8D26E2621C76C00793FF3 /* ChatbotViewController.swift */; };
		62F8D27B2621F60B00793FF3 /* NotificheViewController.swift in Sources */ = {isa = PBXBuildFile; fileRef = 62F8D27A2621F60B00793FF3 /* NotificheViewController.swift */; };
		62F8D27F2621F9C700793FF3 /* Notification.swift in Sources */ = {isa = PBXBuildFile; fileRef = 62F8D27E2621F9C700793FF3 /* Notification.swift */; };
		62F8D2822621FE1900793FF3 /* notifiche.json in Resources */ = {isa = PBXBuildFile; fileRef = 62F8D2812621FE1900793FF3 /* notifiche.json */; };
		62F8D2862622014600793FF3 /* NotificationViewCell.swift in Sources */ = {isa = PBXBuildFile; fileRef = 62F8D2852622014600793FF3 /* NotificationViewCell.swift */; };
		62F8D29626224B8900793FF3 /* UIImageView+.swift in Sources */ = {isa = PBXBuildFile; fileRef = 62F8D29526224B8900793FF3 /* UIImageView+.swift */; };
		A607D89B261A631D00FCFE50 /* AppDelegate.swift in Sources */ = {isa = PBXBuildFile; fileRef = A607D89A261A631D00FCFE50 /* AppDelegate.swift */; };
		A607D89D261A631D00FCFE50 /* SceneDelegate.swift in Sources */ = {isa = PBXBuildFile; fileRef = A607D89C261A631D00FCFE50 /* SceneDelegate.swift */; };
		A607D89F261A631D00FCFE50 /* ViewController.swift in Sources */ = {isa = PBXBuildFile; fileRef = A607D89E261A631D00FCFE50 /* ViewController.swift */; };
		A607D8A2261A631D00FCFE50 /* Main.storyboard in Resources */ = {isa = PBXBuildFile; fileRef = A607D8A0261A631D00FCFE50 /* Main.storyboard */; };
		A607D8A4261A631E00FCFE50 /* Assets.xcassets in Resources */ = {isa = PBXBuildFile; fileRef = A607D8A3261A631E00FCFE50 /* Assets.xcassets */; };
		A607D8A7261A631E00FCFE50 /* LaunchScreen.storyboard in Resources */ = {isa = PBXBuildFile; fileRef = A607D8A5261A631E00FCFE50 /* LaunchScreen.storyboard */; };
		A6705B1F261A695A00DFE6DC /* LoginViewController.swift in Sources */ = {isa = PBXBuildFile; fileRef = A6705B1E261A695A00DFE6DC /* LoginViewController.swift */; };
		A6705B2C261A864D00DFE6DC /* GuestStoryboard.storyboard in Resources */ = {isa = PBXBuildFile; fileRef = A6705B2B261A864D00DFE6DC /* GuestStoryboard.storyboard */; };
		A6705B2F261A86A100DFE6DC /* AboutUsViewController.swift in Sources */ = {isa = PBXBuildFile; fileRef = A6705B2E261A86A100DFE6DC /* AboutUsViewController.swift */; };
		A6705B33261A86F000DFE6DC /* UserStoryboard.storyboard in Resources */ = {isa = PBXBuildFile; fileRef = A6705B32261A86F000DFE6DC /* UserStoryboard.storyboard */; };
		A6705B3E261A898B00DFE6DC /* JobViewController.swift in Sources */ = {isa = PBXBuildFile; fileRef = A6705B3D261A898B00DFE6DC /* JobViewController.swift */; };
		A6705B43261A8AC000DFE6DC /* JobTableViewCell.swift in Sources */ = {isa = PBXBuildFile; fileRef = A6705B41261A8AC000DFE6DC /* JobTableViewCell.swift */; };
		A6705B44261A8AC000DFE6DC /* JobTableViewCell.xib in Resources */ = {isa = PBXBuildFile; fileRef = A6705B42261A8AC000DFE6DC /* JobTableViewCell.xib */; };
		A68BA16F261A93EE00ACC4C7 /* Job.swift in Sources */ = {isa = PBXBuildFile; fileRef = A68BA16E261A93EE00ACC4C7 /* Job.swift */; };
		A68BA17B261A971D00ACC4C7 /* job.json in Resources */ = {isa = PBXBuildFile; fileRef = A68BA17A261A971D00ACC4C7 /* job.json */; };
		A6B0E802261B68F7000C5767 /* Color.swift in Sources */ = {isa = PBXBuildFile; fileRef = A6B0E801261B68F7000C5767 /* Color.swift */; };
		A6B0E817261B6C0C000C5767 /* Lato-LightItalic.ttf in Resources */ = {isa = PBXBuildFile; fileRef = A6B0E805261B6C0B000C5767 /* Lato-LightItalic.ttf */; };
		A6B0E818261B6C0C000C5767 /* Lato-Light.ttf in Resources */ = {isa = PBXBuildFile; fileRef = A6B0E806261B6C0B000C5767 /* Lato-Light.ttf */; };
		A6B0E819261B6C0C000C5767 /* Lato-Italic.ttf in Resources */ = {isa = PBXBuildFile; fileRef = A6B0E807261B6C0B000C5767 /* Lato-Italic.ttf */; };
		A6B0E81A261B6C0C000C5767 /* Lato-SemiboldItalic.ttf in Resources */ = {isa = PBXBuildFile; fileRef = A6B0E808261B6C0B000C5767 /* Lato-SemiboldItalic.ttf */; };
		A6B0E81B261B6C0C000C5767 /* Lato-Black.ttf in Resources */ = {isa = PBXBuildFile; fileRef = A6B0E809261B6C0B000C5767 /* Lato-Black.ttf */; };
		A6B0E81C261B6C0C000C5767 /* Lato-Regular.ttf in Resources */ = {isa = PBXBuildFile; fileRef = A6B0E80A261B6C0C000C5767 /* Lato-Regular.ttf */; };
		A6B0E81D261B6C0C000C5767 /* Lato-Medium.ttf in Resources */ = {isa = PBXBuildFile; fileRef = A6B0E80B261B6C0C000C5767 /* Lato-Medium.ttf */; };
		A6B0E81E261B6C0C000C5767 /* Lato-MediumItalic.ttf in Resources */ = {isa = PBXBuildFile; fileRef = A6B0E80C261B6C0C000C5767 /* Lato-MediumItalic.ttf */; };
		A6B0E81F261B6C0C000C5767 /* Lato-ThinItalic.ttf in Resources */ = {isa = PBXBuildFile; fileRef = A6B0E80D261B6C0C000C5767 /* Lato-ThinItalic.ttf */; };
		A6B0E820261B6C0C000C5767 /* Lato-Thin.ttf in Resources */ = {isa = PBXBuildFile; fileRef = A6B0E80E261B6C0C000C5767 /* Lato-Thin.ttf */; };
		A6B0E821261B6C0C000C5767 /* Lato-Heavy.ttf in Resources */ = {isa = PBXBuildFile; fileRef = A6B0E80F261B6C0C000C5767 /* Lato-Heavy.ttf */; };
		A6B0E822261B6C0C000C5767 /* Lato-BlackItalic.ttf in Resources */ = {isa = PBXBuildFile; fileRef = A6B0E810261B6C0C000C5767 /* Lato-BlackItalic.ttf */; };
		A6B0E823261B6C0C000C5767 /* Lato-Hairline.ttf in Resources */ = {isa = PBXBuildFile; fileRef = A6B0E811261B6C0C000C5767 /* Lato-Hairline.ttf */; };
		A6B0E824261B6C0C000C5767 /* Lato-Bold.ttf in Resources */ = {isa = PBXBuildFile; fileRef = A6B0E812261B6C0C000C5767 /* Lato-Bold.ttf */; };
		A6B0E825261B6C0C000C5767 /* Lato-Semibold.ttf in Resources */ = {isa = PBXBuildFile; fileRef = A6B0E813261B6C0C000C5767 /* Lato-Semibold.ttf */; };
		A6B0E826261B6C0C000C5767 /* Lato-BoldItalic.ttf in Resources */ = {isa = PBXBuildFile; fileRef = A6B0E814261B6C0C000C5767 /* Lato-BoldItalic.ttf */; };
		A6B0E827261B6C0C000C5767 /* Lato-HairlineItalic.ttf in Resources */ = {isa = PBXBuildFile; fileRef = A6B0E815261B6C0C000C5767 /* Lato-HairlineItalic.ttf */; };
		A6B0E828261B6C0C000C5767 /* Lato-HeavyItalic.ttf in Resources */ = {isa = PBXBuildFile; fileRef = A6B0E816261B6C0C000C5767 /* Lato-HeavyItalic.ttf */; };
		A6BF1262261A9C49006F0AB3 /* Result.swift in Sources */ = {isa = PBXBuildFile; fileRef = A6BF1261261A9C49006F0AB3 /* Result.swift */; };
		A6BF1265261A9CB3006F0AB3 /* JobResult.swift in Sources */ = {isa = PBXBuildFile; fileRef = A6BF1264261A9CB3006F0AB3 /* JobResult.swift */; };
		A6D3E5402620D11C00618710 /* Story.swift in Sources */ = {isa = PBXBuildFile; fileRef = A6D3E53F2620D11C00618710 /* Story.swift */; };
		A6D3E5432620D30600618710 /* story.json in Resources */ = {isa = PBXBuildFile; fileRef = A6D3E5422620D30600618710 /* story.json */; };
		A6D3E5472620E9A200618710 /* StoryDetailViewController.swift in Sources */ = {isa = PBXBuildFile; fileRef = A6D3E5462620E9A200618710 /* StoryDetailViewController.swift */; };
		A6D3E5512620ED7200618710 /* StoryDetailCollectionViewCell.swift in Sources */ = {isa = PBXBuildFile; fileRef = A6D3E54F2620ED7200618710 /* StoryDetailCollectionViewCell.swift */; };
		A6D3E5522620ED7200618710 /* StoryDetailCollectionViewCell.xib in Resources */ = {isa = PBXBuildFile; fileRef = A6D3E5502620ED7200618710 /* StoryDetailCollectionViewCell.xib */; };
		A6D3E55A2621A18800618710 /* ChatbotViewController.swift in Sources */ = {isa = PBXBuildFile; fileRef = A6D3E5592621A18800618710 /* ChatbotViewController.swift */; };
		A6D3E56E26220E4700618710 /* user.json in Resources */ = {isa = PBXBuildFile; fileRef = A6D3E56D26220E4700618710 /* user.json */; };
		A6D3E57126220E7100618710 /* User.swift in Sources */ = {isa = PBXBuildFile; fileRef = A6D3E57026220E7100618710 /* User.swift */; };
		A6D3E578262210FB00618710 /* UserResult.swift in Sources */ = {isa = PBXBuildFile; fileRef = A6D3E577262210FB00618710 /* UserResult.swift */; };
/* End PBXBuildFile section */

/* Begin PBXFileReference section */
		4716FCEB262241DF0080EBCC /* VideoCell.swift */ = {isa = PBXFileReference; fileEncoding = 4; lastKnownFileType = sourcecode.swift; path = VideoCell.swift; sourceTree = "<group>"; };
		4716FCEC262241DF0080EBCC /* Video.swift */ = {isa = PBXFileReference; fileEncoding = 4; lastKnownFileType = sourcecode.swift; path = Video.swift; sourceTree = "<group>"; };
		4716FCED262241DF0080EBCC /* VideoListScreen.swift */ = {isa = PBXFileReference; fileEncoding = 4; lastKnownFileType = sourcecode.swift; path = VideoListScreen.swift; sourceTree = "<group>"; };
		4716FCF5262242DD0080EBCC /* ChatListScreen.swift */ = {isa = PBXFileReference; fileEncoding = 4; lastKnownFileType = sourcecode.swift; path = ChatListScreen.swift; sourceTree = "<group>"; };
		4716FCF6262242DD0080EBCC /* ChatCell.swift */ = {isa = PBXFileReference; fileEncoding = 4; lastKnownFileType = sourcecode.swift; path = ChatCell.swift; sourceTree = "<group>"; };
		4716FCF7262242DD0080EBCC /* Chat.swift */ = {isa = PBXFileReference; fileEncoding = 4; lastKnownFileType = sourcecode.swift; path = Chat.swift; sourceTree = "<group>"; };
		60BEC0086387A1DE4AE74530 /* Pods-Terna.release.xcconfig */ = {isa = PBXFileReference; includeInIndex = 1; lastKnownFileType = text.xcconfig; name = "Pods-Terna.release.xcconfig"; path = "Target Support Files/Pods-Terna/Pods-Terna.release.xcconfig"; sourceTree = "<group>"; };
		620905FA2620D9150002A549 /* Story.swift */ = {isa = PBXFileReference; fileEncoding = 4; lastKnownFileType = sourcecode.swift; path = Story.swift; sourceTree = "<group>"; };
		620906012620D9E20002A549 /* BusinessManager.swift */ = {isa = PBXFileReference; lastKnownFileType = sourcecode.swift; path = BusinessManager.swift; sourceTree = "<group>"; };
		62090607262114E60002A549 /* Terna-Bridging-Header.h */ = {isa = PBXFileReference; lastKnownFileType = sourcecode.c.h; path = "Terna-Bridging-Header.h"; sourceTree = "<group>"; };
		62090608262114E70002A549 /* AnimatedCircledView.h */ = {isa = PBXFileReference; lastKnownFileType = sourcecode.c.h; path = AnimatedCircledView.h; sourceTree = "<group>"; };
		62090609262114E70002A549 /* AnimatedCircledView.m */ = {isa = PBXFileReference; lastKnownFileType = sourcecode.c.objc; path = AnimatedCircledView.m; sourceTree = "<group>"; };
		6264187A26205C3D00D337C6 /* TimeLineView.swift */ = {isa = PBXFileReference; lastKnownFileType = sourcecode.swift; path = TimeLineView.swift; sourceTree = "<group>"; };
		6264187F26205C8700D337C6 /* TimeLineStepModel.swift */ = {isa = PBXFileReference; lastKnownFileType = sourcecode.swift; path = TimeLineStepModel.swift; sourceTree = "<group>"; };
		6264188226205CAF00D337C6 /* TimeLineCellModel.swift */ = {isa = PBXFileReference; lastKnownFileType = sourcecode.swift; path = TimeLineCellModel.swift; sourceTree = "<group>"; };
		6264188526205DBA00D337C6 /* TimeLineInnerView.swift */ = {isa = PBXFileReference; lastKnownFileType = sourcecode.swift; path = TimeLineInnerView.swift; sourceTree = "<group>"; };
		6264188826205E6B00D337C6 /* TimeLineTableViewCell.swift */ = {isa = PBXFileReference; lastKnownFileType = sourcecode.swift; path = TimeLineTableViewCell.swift; sourceTree = "<group>"; };
		6264189C262067BF00D337C6 /* RoadMap.swift */ = {isa = PBXFileReference; lastKnownFileType = sourcecode.swift; path = RoadMap.swift; sourceTree = "<group>"; };
		626418A02620689000D337C6 /* RoadMap.storyboard */ = {isa = PBXFileReference; fileEncoding = 4; lastKnownFileType = file.storyboard; path = RoadMap.storyboard; sourceTree = "<group>"; };
		626418A82620B82A00D337C6 /* StoriesViewController.swift */ = {isa = PBXFileReference; lastKnownFileType = sourcecode.swift; path = StoriesViewController.swift; sourceTree = "<group>"; };
		626418A92620B82A00D337C6 /* StoriesViewController.xib */ = {isa = PBXFileReference; lastKnownFileType = file.xib; path = StoriesViewController.xib; sourceTree = "<group>"; };
		626418B02620BC1900D337C6 /* StoriesCollectionViewCell.swift */ = {isa = PBXFileReference; lastKnownFileType = sourcecode.swift; path = StoriesCollectionViewCell.swift; sourceTree = "<group>"; };
		626418B12620BC1900D337C6 /* StoriesCollectionViewCell.xib */ = {isa = PBXFileReference; lastKnownFileType = file.xib; path = StoriesCollectionViewCell.xib; sourceTree = "<group>"; };
		62B81B2626225A6000334628 /* Roadmap-Luigi.json */ = {isa = PBXFileReference; lastKnownFileType = text.json; path = "Roadmap-Luigi.json"; sourceTree = "<group>"; };
		62B81B2926225A7400334628 /* Roadmap-Piero.json */ = {isa = PBXFileReference; lastKnownFileType = text.json; path = "Roadmap-Piero.json"; sourceTree = "<group>"; };
		62B81B2C26225C1500334628 /* Steps.swift */ = {isa = PBXFileReference; lastKnownFileType = sourcecode.swift; path = Steps.swift; sourceTree = "<group>"; };
		62F8D25926211CD300793FF3 /* AnimatedRoundedView.swift */ = {isa = PBXFileReference; lastKnownFileType = sourcecode.swift; path = AnimatedRoundedView.swift; sourceTree = "<group>"; };
		62F8D25E2621B0C500793FF3 /* TimeLineLastCell.swift */ = {isa = PBXFileReference; lastKnownFileType = sourcecode.swift; path = TimeLineLastCell.swift; sourceTree = "<group>"; };
		62F8D2682621BFCF00793FF3 /* CompletedStepsModalVC.swift */ = {isa = PBXFileReference; lastKnownFileType = sourcecode.swift; path = CompletedStepsModalVC.swift; sourceTree = "<group>"; };
		62F8D2692621BFCF00793FF3 /* CompletedStepsModalVC.xib */ = {isa = PBXFileReference; lastKnownFileType = file.xib; path = CompletedStepsModalVC.xib; sourceTree = "<group>"; };
		62F8D26E2621C76C00793FF3 /* ChatbotViewController.swift */ = {isa = PBXFileReference; fileEncoding = 4; lastKnownFileType = sourcecode.swift; path = ChatbotViewController.swift; sourceTree = "<group>"; };
		62F8D27A2621F60B00793FF3 /* NotificheViewController.swift */ = {isa = PBXFileReference; lastKnownFileType = sourcecode.swift; path = NotificheViewController.swift; sourceTree = "<group>"; };
		62F8D27E2621F9C700793FF3 /* Notification.swift */ = {isa = PBXFileReference; lastKnownFileType = sourcecode.swift; path = Notification.swift; sourceTree = "<group>"; };
		62F8D2812621FE1900793FF3 /* notifiche.json */ = {isa = PBXFileReference; lastKnownFileType = text.json; path = notifiche.json; sourceTree = "<group>"; };
		62F8D2852622014600793FF3 /* NotificationViewCell.swift */ = {isa = PBXFileReference; lastKnownFileType = sourcecode.swift; path = NotificationViewCell.swift; sourceTree = "<group>"; };
		62F8D29526224B8900793FF3 /* UIImageView+.swift */ = {isa = PBXFileReference; lastKnownFileType = sourcecode.swift; path = "UIImageView+.swift"; sourceTree = "<group>"; };
		9386ADB35B21890F5F55F1B5 /* Pods_Terna.framework */ = {isa = PBXFileReference; explicitFileType = wrapper.framework; includeInIndex = 0; path = Pods_Terna.framework; sourceTree = BUILT_PRODUCTS_DIR; };
		A607D897261A631D00FCFE50 /* Terna.app */ = {isa = PBXFileReference; explicitFileType = wrapper.application; includeInIndex = 0; path = Terna.app; sourceTree = BUILT_PRODUCTS_DIR; };
		A607D89A261A631D00FCFE50 /* AppDelegate.swift */ = {isa = PBXFileReference; lastKnownFileType = sourcecode.swift; path = AppDelegate.swift; sourceTree = "<group>"; };
		A607D89C261A631D00FCFE50 /* SceneDelegate.swift */ = {isa = PBXFileReference; lastKnownFileType = sourcecode.swift; path = SceneDelegate.swift; sourceTree = "<group>"; };
		A607D89E261A631D00FCFE50 /* ViewController.swift */ = {isa = PBXFileReference; lastKnownFileType = sourcecode.swift; path = ViewController.swift; sourceTree = "<group>"; };
		A607D8A1261A631D00FCFE50 /* Base */ = {isa = PBXFileReference; lastKnownFileType = file.storyboard; name = Base; path = Base.lproj/Main.storyboard; sourceTree = "<group>"; };
		A607D8A3261A631E00FCFE50 /* Assets.xcassets */ = {isa = PBXFileReference; lastKnownFileType = folder.assetcatalog; path = Assets.xcassets; sourceTree = "<group>"; };
		A607D8A6261A631E00FCFE50 /* Base */ = {isa = PBXFileReference; lastKnownFileType = file.storyboard; name = Base; path = Base.lproj/LaunchScreen.storyboard; sourceTree = "<group>"; };
		A607D8A8261A631E00FCFE50 /* Info.plist */ = {isa = PBXFileReference; lastKnownFileType = text.plist.xml; path = Info.plist; sourceTree = "<group>"; };
		A6705B1E261A695A00DFE6DC /* LoginViewController.swift */ = {isa = PBXFileReference; lastKnownFileType = sourcecode.swift; path = LoginViewController.swift; sourceTree = "<group>"; };
		A6705B2B261A864D00DFE6DC /* GuestStoryboard.storyboard */ = {isa = PBXFileReference; lastKnownFileType = file.storyboard; path = GuestStoryboard.storyboard; sourceTree = "<group>"; };
		A6705B2E261A86A100DFE6DC /* AboutUsViewController.swift */ = {isa = PBXFileReference; lastKnownFileType = sourcecode.swift; path = AboutUsViewController.swift; sourceTree = "<group>"; };
		A6705B32261A86F000DFE6DC /* UserStoryboard.storyboard */ = {isa = PBXFileReference; lastKnownFileType = file.storyboard; path = UserStoryboard.storyboard; sourceTree = "<group>"; };
		A6705B3D261A898B00DFE6DC /* JobViewController.swift */ = {isa = PBXFileReference; lastKnownFileType = sourcecode.swift; path = JobViewController.swift; sourceTree = "<group>"; };
		A6705B41261A8AC000DFE6DC /* JobTableViewCell.swift */ = {isa = PBXFileReference; lastKnownFileType = sourcecode.swift; path = JobTableViewCell.swift; sourceTree = "<group>"; };
		A6705B42261A8AC000DFE6DC /* JobTableViewCell.xib */ = {isa = PBXFileReference; lastKnownFileType = file.xib; path = JobTableViewCell.xib; sourceTree = "<group>"; };
		A68BA16E261A93EE00ACC4C7 /* Job.swift */ = {isa = PBXFileReference; lastKnownFileType = sourcecode.swift; path = Job.swift; sourceTree = "<group>"; };
		A68BA17A261A971D00ACC4C7 /* job.json */ = {isa = PBXFileReference; fileEncoding = 4; lastKnownFileType = text.json; path = job.json; sourceTree = "<group>"; };
		A6B0E801261B68F7000C5767 /* Color.swift */ = {isa = PBXFileReference; lastKnownFileType = sourcecode.swift; path = Color.swift; sourceTree = "<group>"; };
		A6B0E805261B6C0B000C5767 /* Lato-LightItalic.ttf */ = {isa = PBXFileReference; lastKnownFileType = file; path = "Lato-LightItalic.ttf"; sourceTree = "<group>"; };
		A6B0E806261B6C0B000C5767 /* Lato-Light.ttf */ = {isa = PBXFileReference; lastKnownFileType = file; path = "Lato-Light.ttf"; sourceTree = "<group>"; };
		A6B0E807261B6C0B000C5767 /* Lato-Italic.ttf */ = {isa = PBXFileReference; lastKnownFileType = file; path = "Lato-Italic.ttf"; sourceTree = "<group>"; };
		A6B0E808261B6C0B000C5767 /* Lato-SemiboldItalic.ttf */ = {isa = PBXFileReference; lastKnownFileType = file; path = "Lato-SemiboldItalic.ttf"; sourceTree = "<group>"; };
		A6B0E809261B6C0B000C5767 /* Lato-Black.ttf */ = {isa = PBXFileReference; lastKnownFileType = file; path = "Lato-Black.ttf"; sourceTree = "<group>"; };
		A6B0E80A261B6C0C000C5767 /* Lato-Regular.ttf */ = {isa = PBXFileReference; lastKnownFileType = file; path = "Lato-Regular.ttf"; sourceTree = "<group>"; };
		A6B0E80B261B6C0C000C5767 /* Lato-Medium.ttf */ = {isa = PBXFileReference; lastKnownFileType = file; path = "Lato-Medium.ttf"; sourceTree = "<group>"; };
		A6B0E80C261B6C0C000C5767 /* Lato-MediumItalic.ttf */ = {isa = PBXFileReference; lastKnownFileType = file; path = "Lato-MediumItalic.ttf"; sourceTree = "<group>"; };
		A6B0E80D261B6C0C000C5767 /* Lato-ThinItalic.ttf */ = {isa = PBXFileReference; lastKnownFileType = file; path = "Lato-ThinItalic.ttf"; sourceTree = "<group>"; };
		A6B0E80E261B6C0C000C5767 /* Lato-Thin.ttf */ = {isa = PBXFileReference; lastKnownFileType = file; path = "Lato-Thin.ttf"; sourceTree = "<group>"; };
		A6B0E80F261B6C0C000C5767 /* Lato-Heavy.ttf */ = {isa = PBXFileReference; lastKnownFileType = file; path = "Lato-Heavy.ttf"; sourceTree = "<group>"; };
		A6B0E810261B6C0C000C5767 /* Lato-BlackItalic.ttf */ = {isa = PBXFileReference; lastKnownFileType = file; path = "Lato-BlackItalic.ttf"; sourceTree = "<group>"; };
		A6B0E811261B6C0C000C5767 /* Lato-Hairline.ttf */ = {isa = PBXFileReference; lastKnownFileType = file; path = "Lato-Hairline.ttf"; sourceTree = "<group>"; };
		A6B0E812261B6C0C000C5767 /* Lato-Bold.ttf */ = {isa = PBXFileReference; lastKnownFileType = file; path = "Lato-Bold.ttf"; sourceTree = "<group>"; };
		A6B0E813261B6C0C000C5767 /* Lato-Semibold.ttf */ = {isa = PBXFileReference; lastKnownFileType = file; path = "Lato-Semibold.ttf"; sourceTree = "<group>"; };
		A6B0E814261B6C0C000C5767 /* Lato-BoldItalic.ttf */ = {isa = PBXFileReference; lastKnownFileType = file; path = "Lato-BoldItalic.ttf"; sourceTree = "<group>"; };
		A6B0E815261B6C0C000C5767 /* Lato-HairlineItalic.ttf */ = {isa = PBXFileReference; lastKnownFileType = file; path = "Lato-HairlineItalic.ttf"; sourceTree = "<group>"; };
		A6B0E816261B6C0C000C5767 /* Lato-HeavyItalic.ttf */ = {isa = PBXFileReference; lastKnownFileType = file; path = "Lato-HeavyItalic.ttf"; sourceTree = "<group>"; };
		A6BF1261261A9C49006F0AB3 /* Result.swift */ = {isa = PBXFileReference; lastKnownFileType = sourcecode.swift; path = Result.swift; sourceTree = "<group>"; };
		A6BF1264261A9CB3006F0AB3 /* JobResult.swift */ = {isa = PBXFileReference; lastKnownFileType = sourcecode.swift; path = JobResult.swift; sourceTree = "<group>"; };
		A6D3E53F2620D11C00618710 /* Story.swift */ = {isa = PBXFileReference; lastKnownFileType = sourcecode.swift; path = Story.swift; sourceTree = "<group>"; };
		A6D3E5422620D30600618710 /* story.json */ = {isa = PBXFileReference; fileEncoding = 4; lastKnownFileType = text.json; path = story.json; sourceTree = "<group>"; };
		A6D3E5462620E9A200618710 /* StoryDetailViewController.swift */ = {isa = PBXFileReference; lastKnownFileType = sourcecode.swift; path = StoryDetailViewController.swift; sourceTree = "<group>"; };
		A6D3E54F2620ED7200618710 /* StoryDetailCollectionViewCell.swift */ = {isa = PBXFileReference; lastKnownFileType = sourcecode.swift; path = StoryDetailCollectionViewCell.swift; sourceTree = "<group>"; };
		A6D3E5502620ED7200618710 /* StoryDetailCollectionViewCell.xib */ = {isa = PBXFileReference; lastKnownFileType = file.xib; path = StoryDetailCollectionViewCell.xib; sourceTree = "<group>"; };
		A6D3E5592621A18800618710 /* ChatbotViewController.swift */ = {isa = PBXFileReference; lastKnownFileType = sourcecode.swift; path = ChatbotViewController.swift; sourceTree = "<group>"; };
		A6D3E56D26220E4700618710 /* user.json */ = {isa = PBXFileReference; fileEncoding = 4; lastKnownFileType = text.json; path = user.json; sourceTree = "<group>"; };
		A6D3E57026220E7100618710 /* User.swift */ = {isa = PBXFileReference; lastKnownFileType = sourcecode.swift; path = User.swift; sourceTree = "<group>"; };
		A6D3E577262210FB00618710 /* UserResult.swift */ = {isa = PBXFileReference; lastKnownFileType = sourcecode.swift; path = UserResult.swift; sourceTree = "<group>"; };
		CB9F85CD92CEC21E357E130C /* Pods-Terna.debug.xcconfig */ = {isa = PBXFileReference; includeInIndex = 1; lastKnownFileType = text.xcconfig; name = "Pods-Terna.debug.xcconfig"; path = "Target Support Files/Pods-Terna/Pods-Terna.debug.xcconfig"; sourceTree = "<group>"; };
/* End PBXFileReference section */

/* Begin PBXFrameworksBuildPhase section */
		A607D894261A631D00FCFE50 /* Frameworks */ = {
			isa = PBXFrameworksBuildPhase;
			buildActionMask = 2147483647;
			files = (
				3AC18CE542BB60BB947170B3 /* Pods_Terna.framework in Frameworks */,
			);
			runOnlyForDeploymentPostprocessing = 0;
		};
/* End PBXFrameworksBuildPhase section */

/* Begin PBXGroup section */
		4716FCDF26222B020080EBCC /* VideoYoutube */ = {
			isa = PBXGroup;
			children = (
				4716FCEC262241DF0080EBCC /* Video.swift */,
				4716FCEB262241DF0080EBCC /* VideoCell.swift */,
				4716FCED262241DF0080EBCC /* VideoListScreen.swift */,
			);
			path = VideoYoutube;
			sourceTree = "<group>";
		};
		4716FCF4262242980080EBCC /* Messaggi */ = {
			isa = PBXGroup;
			children = (
				4716FCF6262242DD0080EBCC /* ChatCell.swift */,
				4716FCF5262242DD0080EBCC /* ChatListScreen.swift */,
			);
			path = Messaggi;
			sourceTree = "<group>";
		};
		4F828C5771C705CBE1F88B36 /* Frameworks */ = {
			isa = PBXGroup;
			children = (
				9386ADB35B21890F5F55F1B5 /* Pods_Terna.framework */,
			);
			name = Frameworks;
			sourceTree = "<group>";
		};
		620906002620D9D50002A549 /* Business */ = {
			isa = PBXGroup;
			children = (
				620906012620D9E20002A549 /* BusinessManager.swift */,
			);
			path = Business;
			sourceTree = "<group>";
		};
		6264187826205B5200D337C6 /* EXTRoadMap */ = {
			isa = PBXGroup;
			children = (
				6264187E26205C6700D337C6 /* Model */,
				6264187926205C2100D337C6 /* View */,
			);
			path = EXTRoadMap;
			sourceTree = "<group>";
		};
		6264187926205C2100D337C6 /* View */ = {
			isa = PBXGroup;
			children = (
				6264187A26205C3D00D337C6 /* TimeLineView.swift */,
				6264188526205DBA00D337C6 /* TimeLineInnerView.swift */,
				6264188826205E6B00D337C6 /* TimeLineTableViewCell.swift */,
				62F8D25E2621B0C500793FF3 /* TimeLineLastCell.swift */,
			);
			path = View;
			sourceTree = "<group>";
		};
		6264187E26205C6700D337C6 /* Model */ = {
			isa = PBXGroup;
			children = (
				6264187F26205C8700D337C6 /* TimeLineStepModel.swift */,
				6264188226205CAF00D337C6 /* TimeLineCellModel.swift */,
			);
			path = Model;
			sourceTree = "<group>";
		};
		6264188C2620604200D337C6 /* RoadMap */ = {
			isa = PBXGroup;
			children = (
				6264188E2620606100D337C6 /* Controller */,
				6264188D2620605300D337C6 /* Resources */,
			);
			path = RoadMap;
			sourceTree = "<group>";
		};
		6264188D2620605300D337C6 /* Resources */ = {
			isa = PBXGroup;
			children = (
				62F8D2692621BFCF00793FF3 /* CompletedStepsModalVC.xib */,
				626418A02620689000D337C6 /* RoadMap.storyboard */,
			);
			path = Resources;
			sourceTree = "<group>";
		};
		6264188E2620606100D337C6 /* Controller */ = {
			isa = PBXGroup;
			children = (
				6264189C262067BF00D337C6 /* RoadMap.swift */,
				62F8D2682621BFCF00793FF3 /* CompletedStepsModalVC.swift */,
			);
			path = Controller;
			sourceTree = "<group>";
		};
		626418A42620B7EA00D337C6 /* EXTStories */ = {
			isa = PBXGroup;
			children = (
				626418AE2620B83200D337C6 /* Controller */,
				626418A72620B7FC00D337C6 /* Resources */,
				626418A62620B7F700D337C6 /* View */,
				626418A52620B7F100D337C6 /* Model */,
			);
			path = EXTStories;
			sourceTree = "<group>";
		};
		626418A52620B7F100D337C6 /* Model */ = {
			isa = PBXGroup;
			children = (
			);
			path = Model;
			sourceTree = "<group>";
		};
		626418A62620B7F700D337C6 /* View */ = {
			isa = PBXGroup;
			children = (
				A6D3E54F2620ED7200618710 /* StoryDetailCollectionViewCell.swift */,
				626418B02620BC1900D337C6 /* StoriesCollectionViewCell.swift */,
				62090608262114E70002A549 /* AnimatedCircledView.h */,
				62090609262114E70002A549 /* AnimatedCircledView.m */,
				62090607262114E60002A549 /* Terna-Bridging-Header.h */,
				62F8D25926211CD300793FF3 /* AnimatedRoundedView.swift */,
			);
			path = View;
			sourceTree = "<group>";
		};
		626418A72620B7FC00D337C6 /* Resources */ = {
			isa = PBXGroup;
			children = (
				A6D3E5502620ED7200618710 /* StoryDetailCollectionViewCell.xib */,
				626418B12620BC1900D337C6 /* StoriesCollectionViewCell.xib */,
				626418A92620B82A00D337C6 /* StoriesViewController.xib */,
			);
			path = Resources;
			sourceTree = "<group>";
		};
		626418AE2620B83200D337C6 /* Controller */ = {
			isa = PBXGroup;
			children = (
				626418A82620B82A00D337C6 /* StoriesViewController.swift */,
				A6D3E5462620E9A200618710 /* StoryDetailViewController.swift */,
			);
			path = Controller;
			sourceTree = "<group>";
		};
		62F8D2782621F5F100793FF3 /* Notifiche */ = {
			isa = PBXGroup;
			children = (
				62F8D2842622013700793FF3 /* View */,
				62F8D2792621F5F900793FF3 /* ViewController */,
			);
			path = Notifiche;
			sourceTree = "<group>";
		};
		62F8D2792621F5F900793FF3 /* ViewController */ = {
			isa = PBXGroup;
			children = (
				62F8D27A2621F60B00793FF3 /* NotificheViewController.swift */,
			);
			path = ViewController;
			sourceTree = "<group>";
		};
		62F8D2842622013700793FF3 /* View */ = {
			isa = PBXGroup;
			children = (
				62F8D2852622014600793FF3 /* NotificationViewCell.swift */,
			);
			path = View;
			sourceTree = "<group>";
		};
		A23A3E8154322F579C0E7C8D /* Pods */ = {
			isa = PBXGroup;
			children = (
				CB9F85CD92CEC21E357E130C /* Pods-Terna.debug.xcconfig */,
				60BEC0086387A1DE4AE74530 /* Pods-Terna.release.xcconfig */,
			);
			path = Pods;
			sourceTree = "<group>";
		};
		A607D88E261A631D00FCFE50 = {
			isa = PBXGroup;
			children = (
				A607D899261A631D00FCFE50 /* Terna */,
				A607D898261A631D00FCFE50 /* Products */,
				A23A3E8154322F579C0E7C8D /* Pods */,
				4F828C5771C705CBE1F88B36 /* Frameworks */,
			);
			sourceTree = "<group>";
		};
		A607D898261A631D00FCFE50 /* Products */ = {
			isa = PBXGroup;
			children = (
				A607D897261A631D00FCFE50 /* Terna.app */,
			);
			name = Products;
			sourceTree = "<group>";
		};
		A607D899261A631D00FCFE50 /* Terna */ = {
			isa = PBXGroup;
			children = (
				4716FCF4262242980080EBCC /* Messaggi */,
				4716FCDF26222B020080EBCC /* VideoYoutube */,
				62F8D2782621F5F100793FF3 /* Notifiche */,
				62F8D26E2621C76C00793FF3 /* ChatbotViewController.swift */,
				620906002620D9D50002A549 /* Business */,
				6264187826205B5200D337C6 /* EXTRoadMap */,
				626418A42620B7EA00D337C6 /* EXTStories */,
				6264188C2620604200D337C6 /* RoadMap */,
				A6B0E804261B6BAF000C5767 /* Font */,
				A6B0E800261B68E8000C5767 /* Util */,
				A68BA179261A960400ACC4C7 /* Mock */,
				A68BA16D261A93E500ACC4C7 /* Model */,
				A6705B31261A86E400DFE6DC /* User */,
				A6705B2A261A863000DFE6DC /* Guest */,
				A607D89A261A631D00FCFE50 /* AppDelegate.swift */,
				A607D89C261A631D00FCFE50 /* SceneDelegate.swift */,
				A607D89E261A631D00FCFE50 /* ViewController.swift */,
				A607D8A0261A631D00FCFE50 /* Main.storyboard */,
				A607D8A3261A631E00FCFE50 /* Assets.xcassets */,
				A607D8A5261A631E00FCFE50 /* LaunchScreen.storyboard */,
				A607D8A8261A631E00FCFE50 /* Info.plist */,
				A6705B1E261A695A00DFE6DC /* LoginViewController.swift */,
				A6D3E5592621A18800618710 /* ChatbotViewController.swift */,
			);
			path = Terna;
			sourceTree = "<group>";
		};
		A6705B2A261A863000DFE6DC /* Guest */ = {
			isa = PBXGroup;
			children = (
				A6705B40261A8AA500DFE6DC /* WorkWithUs */,
				A6705B2B261A864D00DFE6DC /* GuestStoryboard.storyboard */,
				A6705B2E261A86A100DFE6DC /* AboutUsViewController.swift */,
			);
			path = Guest;
			sourceTree = "<group>";
		};
		A6705B31261A86E400DFE6DC /* User */ = {
			isa = PBXGroup;
			children = (
				A6705B32261A86F000DFE6DC /* UserStoryboard.storyboard */,
			);
			path = User;
			sourceTree = "<group>";
		};
		A6705B40261A8AA500DFE6DC /* WorkWithUs */ = {
			isa = PBXGroup;
			children = (
				A6705B3D261A898B00DFE6DC /* JobViewController.swift */,
				A6705B41261A8AC000DFE6DC /* JobTableViewCell.swift */,
				A6705B42261A8AC000DFE6DC /* JobTableViewCell.xib */,
			);
			path = WorkWithUs;
			sourceTree = "<group>";
		};
		A68BA16D261A93E500ACC4C7 /* Model */ = {
			isa = PBXGroup;
			children = (
				4716FCF7262242DD0080EBCC /* Chat.swift */,
				620905FA2620D9150002A549 /* Story.swift */,
				A68BA16E261A93EE00ACC4C7 /* Job.swift */,
				A6BF1261261A9C49006F0AB3 /* Result.swift */,
				A6BF1264261A9CB3006F0AB3 /* JobResult.swift */,
				A6D3E53F2620D11C00618710 /* Story.swift */,
				62F8D27E2621F9C700793FF3 /* Notification.swift */,
				A6D3E57026220E7100618710 /* User.swift */,
				A6D3E577262210FB00618710 /* UserResult.swift */,
				62B81B2C26225C1500334628 /* Steps.swift */,
			);
			path = Model;
			sourceTree = "<group>";
		};
		A68BA179261A960400ACC4C7 /* Mock */ = {
			isa = PBXGroup;
			children = (
				A6D3E56D26220E4700618710 /* user.json */,
				A6D3E5422620D30600618710 /* story.json */,
				A68BA17A261A971D00ACC4C7 /* job.json */,
				62F8D2812621FE1900793FF3 /* notifiche.json */,
				62B81B2626225A6000334628 /* Roadmap-Luigi.json */,
				62B81B2926225A7400334628 /* Roadmap-Piero.json */,
			);
			path = Mock;
			sourceTree = "<group>";
		};
		A6B0E800261B68E8000C5767 /* Util */ = {
			isa = PBXGroup;
			children = (
				A6B0E801261B68F7000C5767 /* Color.swift */,
				62F8D29526224B8900793FF3 /* UIImageView+.swift */,
			);
			path = Util;
			sourceTree = "<group>";
		};
		A6B0E804261B6BAF000C5767 /* Font */ = {
			isa = PBXGroup;
			children = (
				A6B0E809261B6C0B000C5767 /* Lato-Black.ttf */,
				A6B0E810261B6C0C000C5767 /* Lato-BlackItalic.ttf */,
				A6B0E812261B6C0C000C5767 /* Lato-Bold.ttf */,
				A6B0E814261B6C0C000C5767 /* Lato-BoldItalic.ttf */,
				A6B0E811261B6C0C000C5767 /* Lato-Hairline.ttf */,
				A6B0E815261B6C0C000C5767 /* Lato-HairlineItalic.ttf */,
				A6B0E80F261B6C0C000C5767 /* Lato-Heavy.ttf */,
				A6B0E816261B6C0C000C5767 /* Lato-HeavyItalic.ttf */,
				A6B0E807261B6C0B000C5767 /* Lato-Italic.ttf */,
				A6B0E806261B6C0B000C5767 /* Lato-Light.ttf */,
				A6B0E805261B6C0B000C5767 /* Lato-LightItalic.ttf */,
				A6B0E80B261B6C0C000C5767 /* Lato-Medium.ttf */,
				A6B0E80C261B6C0C000C5767 /* Lato-MediumItalic.ttf */,
				A6B0E80A261B6C0C000C5767 /* Lato-Regular.ttf */,
				A6B0E813261B6C0C000C5767 /* Lato-Semibold.ttf */,
				A6B0E808261B6C0B000C5767 /* Lato-SemiboldItalic.ttf */,
				A6B0E80E261B6C0C000C5767 /* Lato-Thin.ttf */,
				A6B0E80D261B6C0C000C5767 /* Lato-ThinItalic.ttf */,
			);
			path = Font;
			sourceTree = "<group>";
		};
/* End PBXGroup section */

/* Begin PBXNativeTarget section */
		A607D896261A631D00FCFE50 /* Terna */ = {
			isa = PBXNativeTarget;
			buildConfigurationList = A607D8AB261A631E00FCFE50 /* Build configuration list for PBXNativeTarget "Terna" */;
			buildPhases = (
				2286FF6600687955D8C12985 /* [CP] Check Pods Manifest.lock */,
				A607D893261A631D00FCFE50 /* Sources */,
				A607D894261A631D00FCFE50 /* Frameworks */,
				A607D895261A631D00FCFE50 /* Resources */,
				5A0B824DA22247118B1DBCF2 /* [CP] Embed Pods Frameworks */,
			);
			buildRules = (
			);
			dependencies = (
			);
			name = Terna;
			productName = Terna;
			productReference = A607D897261A631D00FCFE50 /* Terna.app */;
			productType = "com.apple.product-type.application";
		};
/* End PBXNativeTarget section */

/* Begin PBXProject section */
		A607D88F261A631D00FCFE50 /* Project object */ = {
			isa = PBXProject;
			attributes = {
				LastSwiftUpdateCheck = 1240;
				LastUpgradeCheck = 1240;
				TargetAttributes = {
					A607D896261A631D00FCFE50 = {
						CreatedOnToolsVersion = 12.4;
						LastSwiftMigration = 1240;
					};
				};
			};
			buildConfigurationList = A607D892261A631D00FCFE50 /* Build configuration list for PBXProject "Terna" */;
			compatibilityVersion = "Xcode 9.3";
			developmentRegion = en;
			hasScannedForEncodings = 0;
			knownRegions = (
				en,
				Base,
			);
			mainGroup = A607D88E261A631D00FCFE50;
			productRefGroup = A607D898261A631D00FCFE50 /* Products */;
			projectDirPath = "";
			projectRoot = "";
			targets = (
				A607D896261A631D00FCFE50 /* Terna */,
			);
		};
/* End PBXProject section */

/* Begin PBXResourcesBuildPhase section */
		A607D895261A631D00FCFE50 /* Resources */ = {
			isa = PBXResourcesBuildPhase;
			buildActionMask = 2147483647;
			files = (
				A6B0E822261B6C0C000C5767 /* Lato-BlackItalic.ttf in Resources */,
				62B81B2A26225A7400334628 /* Roadmap-Piero.json in Resources */,
				A6B0E819261B6C0C000C5767 /* Lato-Italic.ttf in Resources */,
				A6B0E827261B6C0C000C5767 /* Lato-HairlineItalic.ttf in Resources */,
				A6705B44261A8AC000DFE6DC /* JobTableViewCell.xib in Resources */,
				A607D8A7261A631E00FCFE50 /* LaunchScreen.storyboard in Resources */,
				62B81B2726225A6000334628 /* Roadmap-Luigi.json in Resources */,
				A6B0E81A261B6C0C000C5767 /* Lato-SemiboldItalic.ttf in Resources */,
				A6B0E81B261B6C0C000C5767 /* Lato-Black.ttf in Resources */,
				A6D3E5432620D30600618710 /* story.json in Resources */,
				A6B0E823261B6C0C000C5767 /* Lato-Hairline.ttf in Resources */,
				A6B0E824261B6C0C000C5767 /* Lato-Bold.ttf in Resources */,
				626418A12620689000D337C6 /* RoadMap.storyboard in Resources */,
				A6B0E81F261B6C0C000C5767 /* Lato-ThinItalic.ttf in Resources */,
				A6B0E821261B6C0C000C5767 /* Lato-Heavy.ttf in Resources */,
				A6B0E81D261B6C0C000C5767 /* Lato-Medium.ttf in Resources */,
				626418AB2620B82A00D337C6 /* StoriesViewController.xib in Resources */,
				62F8D2822621FE1900793FF3 /* notifiche.json in Resources */,
				A607D8A4261A631E00FCFE50 /* Assets.xcassets in Resources */,
				A6B0E818261B6C0C000C5767 /* Lato-Light.ttf in Resources */,
				A6B0E825261B6C0C000C5767 /* Lato-Semibold.ttf in Resources */,
				A6B0E828261B6C0C000C5767 /* Lato-HeavyItalic.ttf in Resources */,
				A6B0E817261B6C0C000C5767 /* Lato-LightItalic.ttf in Resources */,
				A6B0E81E261B6C0C000C5767 /* Lato-MediumItalic.ttf in Resources */,
				A6B0E820261B6C0C000C5767 /* Lato-Thin.ttf in Resources */,
				A6B0E826261B6C0C000C5767 /* Lato-BoldItalic.ttf in Resources */,
				A6D3E5522620ED7200618710 /* StoryDetailCollectionViewCell.xib in Resources */,
				62F8D26B2621BFCF00793FF3 /* CompletedStepsModalVC.xib in Resources */,
				A6705B2C261A864D00DFE6DC /* GuestStoryboard.storyboard in Resources */,
				A6705B33261A86F000DFE6DC /* UserStoryboard.storyboard in Resources */,
				A6B0E81C261B6C0C000C5767 /* Lato-Regular.ttf in Resources */,
				A607D8A2261A631D00FCFE50 /* Main.storyboard in Resources */,
				A6D3E56E26220E4700618710 /* user.json in Resources */,
				626418B32620BC1900D337C6 /* StoriesCollectionViewCell.xib in Resources */,
				A68BA17B261A971D00ACC4C7 /* job.json in Resources */,
			);
			runOnlyForDeploymentPostprocessing = 0;
		};
/* End PBXResourcesBuildPhase section */

/* Begin PBXShellScriptBuildPhase section */
		2286FF6600687955D8C12985 /* [CP] Check Pods Manifest.lock */ = {
			isa = PBXShellScriptBuildPhase;
			buildActionMask = 2147483647;
			files = (
			);
			inputFileListPaths = (
			);
			inputPaths = (
				"${PODS_PODFILE_DIR_PATH}/Podfile.lock",
				"${PODS_ROOT}/Manifest.lock",
			);
			name = "[CP] Check Pods Manifest.lock";
			outputFileListPaths = (
			);
			outputPaths = (
				"$(DERIVED_FILE_DIR)/Pods-Terna-checkManifestLockResult.txt",
			);
			runOnlyForDeploymentPostprocessing = 0;
			shellPath = /bin/sh;
			shellScript = "diff \"${PODS_PODFILE_DIR_PATH}/Podfile.lock\" \"${PODS_ROOT}/Manifest.lock\" > /dev/null\nif [ $? != 0 ] ; then\n    # print error to STDERR\n    echo \"error: The sandbox is not in sync with the Podfile.lock. Run 'pod install' or update your CocoaPods installation.\" >&2\n    exit 1\nfi\n# This output is used by Xcode 'outputs' to avoid re-running this script phase.\necho \"SUCCESS\" > \"${SCRIPT_OUTPUT_FILE_0}\"\n";
			showEnvVarsInLog = 0;
		};
		5A0B824DA22247118B1DBCF2 /* [CP] Embed Pods Frameworks */ = {
			isa = PBXShellScriptBuildPhase;
			buildActionMask = 2147483647;
			files = (
			);
			inputFileListPaths = (
				"${PODS_ROOT}/Target Support Files/Pods-Terna/Pods-Terna-frameworks-${CONFIGURATION}-input-files.xcfilelist",
			);
			name = "[CP] Embed Pods Frameworks";
			outputFileListPaths = (
				"${PODS_ROOT}/Target Support Files/Pods-Terna/Pods-Terna-frameworks-${CONFIGURATION}-output-files.xcfilelist",
			);
			runOnlyForDeploymentPostprocessing = 0;
			shellPath = /bin/sh;
			shellScript = "\"${PODS_ROOT}/Target Support Files/Pods-Terna/Pods-Terna-frameworks.sh\"\n";
			showEnvVarsInLog = 0;
		};
/* End PBXShellScriptBuildPhase section */

/* Begin PBXSourcesBuildPhase section */
		A607D893261A631D00FCFE50 /* Sources */ = {
			isa = PBXSourcesBuildPhase;
			buildActionMask = 2147483647;
			files = (
				626418AA2620B82A00D337C6 /* StoriesViewController.swift in Sources */,
				6264188926205E6B00D337C6 /* TimeLineTableViewCell.swift in Sources */,
				6264188626205DBA00D337C6 /* TimeLineInnerView.swift in Sources */,
				A6BF1262261A9C49006F0AB3 /* Result.swift in Sources */,
				A68BA16F261A93EE00ACC4C7 /* Job.swift in Sources */,
				A6B0E802261B68F7000C5767 /* Color.swift in Sources */,
				62F8D26A2621BFCF00793FF3 /* CompletedStepsModalVC.swift in Sources */,
				62F8D25F2621B0C500793FF3 /* TimeLineLastCell.swift in Sources */,
				6264189D262067BF00D337C6 /* RoadMap.swift in Sources */,
				A6705B2F261A86A100DFE6DC /* AboutUsViewController.swift in Sources */,
				62F8D26F2621C76C00793FF3 /* ChatbotViewController.swift in Sources */,
				A6705B43261A8AC000DFE6DC /* JobTableViewCell.swift in Sources */,
				A6D3E5512620ED7200618710 /* StoryDetailCollectionViewCell.swift in Sources */,
				4716FCFA262242DD0080EBCC /* Chat.swift in Sources */,
				4716FCEF262241DF0080EBCC /* Video.swift in Sources */,
				62B81B2D26225C1500334628 /* Steps.swift in Sources */,
				620906022620D9E20002A549 /* BusinessManager.swift in Sources */,
				62F8D27F2621F9C700793FF3 /* Notification.swift in Sources */,
				4716FCF0262241DF0080EBCC /* VideoListScreen.swift in Sources */,
				4716FCEE262241DF0080EBCC /* VideoCell.swift in Sources */,
				A6BF1265261A9CB3006F0AB3 /* JobResult.swift in Sources */,
				A6D3E578262210FB00618710 /* UserResult.swift in Sources */,
				A6D3E5472620E9A200618710 /* StoryDetailViewController.swift in Sources */,
				A6705B1F261A695A00DFE6DC /* LoginViewController.swift in Sources */,
				62F8D27B2621F60B00793FF3 /* NotificheViewController.swift in Sources */,
				4716FCF9262242DD0080EBCC /* ChatCell.swift in Sources */,
				626418B22620BC1900D337C6 /* StoriesCollectionViewCell.swift in Sources */,
				62F8D29626224B8900793FF3 /* UIImageView+.swift in Sources */,
				6264187B26205C3D00D337C6 /* TimeLineView.swift in Sources */,
				6209060A262114E70002A549 /* AnimatedCircledView.m in Sources */,
				6264188026205C8700D337C6 /* TimeLineStepModel.swift in Sources */,
				A6D3E55A2621A18800618710 /* ChatbotViewController.swift in Sources */,
				A607D89F261A631D00FCFE50 /* ViewController.swift in Sources */,
				4716FCF8262242DD0080EBCC /* ChatListScreen.swift in Sources */,
				A6705B3E261A898B00DFE6DC /* JobViewController.swift in Sources */,
				A607D89B261A631D00FCFE50 /* AppDelegate.swift in Sources */,
				62F8D2862622014600793FF3 /* NotificationViewCell.swift in Sources */,
				62F8D25A26211CD300793FF3 /* AnimatedRoundedView.swift in Sources */,
				A6D3E57126220E7100618710 /* User.swift in Sources */,
				6264188326205CAF00D337C6 /* TimeLineCellModel.swift in Sources */,
				A607D89D261A631D00FCFE50 /* SceneDelegate.swift in Sources */,
				A6D3E5402620D11C00618710 /* Story.swift in Sources */,
			);
			runOnlyForDeploymentPostprocessing = 0;
		};
/* End PBXSourcesBuildPhase section */

/* Begin PBXVariantGroup section */
		A607D8A0261A631D00FCFE50 /* Main.storyboard */ = {
			isa = PBXVariantGroup;
			children = (
				A607D8A1261A631D00FCFE50 /* Base */,
			);
			name = Main.storyboard;
			sourceTree = "<group>";
		};
		A607D8A5261A631E00FCFE50 /* LaunchScreen.storyboard */ = {
			isa = PBXVariantGroup;
			children = (
				A607D8A6261A631E00FCFE50 /* Base */,
			);
			name = LaunchScreen.storyboard;
			sourceTree = "<group>";
		};
/* End PBXVariantGroup section */

/* Begin XCBuildConfiguration section */
		A607D8A9261A631E00FCFE50 /* Debug */ = {
			isa = XCBuildConfiguration;
			buildSettings = {
				ALWAYS_SEARCH_USER_PATHS = NO;
				CLANG_ANALYZER_NONNULL = YES;
				CLANG_ANALYZER_NUMBER_OBJECT_CONVERSION = YES_AGGRESSIVE;
				CLANG_CXX_LANGUAGE_STANDARD = "gnu++14";
				CLANG_CXX_LIBRARY = "libc++";
				CLANG_ENABLE_MODULES = YES;
				CLANG_ENABLE_OBJC_ARC = YES;
				CLANG_ENABLE_OBJC_WEAK = YES;
				CLANG_WARN_BLOCK_CAPTURE_AUTORELEASING = YES;
				CLANG_WARN_BOOL_CONVERSION = YES;
				CLANG_WARN_COMMA = YES;
				CLANG_WARN_CONSTANT_CONVERSION = YES;
				CLANG_WARN_DEPRECATED_OBJC_IMPLEMENTATIONS = YES;
				CLANG_WARN_DIRECT_OBJC_ISA_USAGE = YES_ERROR;
				CLANG_WARN_DOCUMENTATION_COMMENTS = YES;
				CLANG_WARN_EMPTY_BODY = YES;
				CLANG_WARN_ENUM_CONVERSION = YES;
				CLANG_WARN_INFINITE_RECURSION = YES;
				CLANG_WARN_INT_CONVERSION = YES;
				CLANG_WARN_NON_LITERAL_NULL_CONVERSION = YES;
				CLANG_WARN_OBJC_IMPLICIT_RETAIN_SELF = YES;
				CLANG_WARN_OBJC_LITERAL_CONVERSION = YES;
				CLANG_WARN_OBJC_ROOT_CLASS = YES_ERROR;
				CLANG_WARN_QUOTED_INCLUDE_IN_FRAMEWORK_HEADER = YES;
				CLANG_WARN_RANGE_LOOP_ANALYSIS = YES;
				CLANG_WARN_STRICT_PROTOTYPES = YES;
				CLANG_WARN_SUSPICIOUS_MOVE = YES;
				CLANG_WARN_UNGUARDED_AVAILABILITY = YES_AGGRESSIVE;
				CLANG_WARN_UNREACHABLE_CODE = YES;
				CLANG_WARN__DUPLICATE_METHOD_MATCH = YES;
				COPY_PHASE_STRIP = NO;
				DEBUG_INFORMATION_FORMAT = dwarf;
				ENABLE_STRICT_OBJC_MSGSEND = YES;
				ENABLE_TESTABILITY = YES;
				GCC_C_LANGUAGE_STANDARD = gnu11;
				GCC_DYNAMIC_NO_PIC = NO;
				GCC_NO_COMMON_BLOCKS = YES;
				GCC_OPTIMIZATION_LEVEL = 0;
				GCC_PREPROCESSOR_DEFINITIONS = (
					"DEBUG=1",
					"$(inherited)",
				);
				GCC_WARN_64_TO_32_BIT_CONVERSION = YES;
				GCC_WARN_ABOUT_RETURN_TYPE = YES_ERROR;
				GCC_WARN_UNDECLARED_SELECTOR = YES;
				GCC_WARN_UNINITIALIZED_AUTOS = YES_AGGRESSIVE;
				GCC_WARN_UNUSED_FUNCTION = YES;
				GCC_WARN_UNUSED_VARIABLE = YES;
				IPHONEOS_DEPLOYMENT_TARGET = 14.4;
				MTL_ENABLE_DEBUG_INFO = INCLUDE_SOURCE;
				MTL_FAST_MATH = YES;
				ONLY_ACTIVE_ARCH = YES;
				SDKROOT = iphoneos;
				SWIFT_ACTIVE_COMPILATION_CONDITIONS = DEBUG;
				SWIFT_OPTIMIZATION_LEVEL = "-Onone";
			};
			name = Debug;
		};
		A607D8AA261A631E00FCFE50 /* Release */ = {
			isa = XCBuildConfiguration;
			buildSettings = {
				ALWAYS_SEARCH_USER_PATHS = NO;
				CLANG_ANALYZER_NONNULL = YES;
				CLANG_ANALYZER_NUMBER_OBJECT_CONVERSION = YES_AGGRESSIVE;
				CLANG_CXX_LANGUAGE_STANDARD = "gnu++14";
				CLANG_CXX_LIBRARY = "libc++";
				CLANG_ENABLE_MODULES = YES;
				CLANG_ENABLE_OBJC_ARC = YES;
				CLANG_ENABLE_OBJC_WEAK = YES;
				CLANG_WARN_BLOCK_CAPTURE_AUTORELEASING = YES;
				CLANG_WARN_BOOL_CONVERSION = YES;
				CLANG_WARN_COMMA = YES;
				CLANG_WARN_CONSTANT_CONVERSION = YES;
				CLANG_WARN_DEPRECATED_OBJC_IMPLEMENTATIONS = YES;
				CLANG_WARN_DIRECT_OBJC_ISA_USAGE = YES_ERROR;
				CLANG_WARN_DOCUMENTATION_COMMENTS = YES;
				CLANG_WARN_EMPTY_BODY = YES;
				CLANG_WARN_ENUM_CONVERSION = YES;
				CLANG_WARN_INFINITE_RECURSION = YES;
				CLANG_WARN_INT_CONVERSION = YES;
				CLANG_WARN_NON_LITERAL_NULL_CONVERSION = YES;
				CLANG_WARN_OBJC_IMPLICIT_RETAIN_SELF = YES;
				CLANG_WARN_OBJC_LITERAL_CONVERSION = YES;
				CLANG_WARN_OBJC_ROOT_CLASS = YES_ERROR;
				CLANG_WARN_QUOTED_INCLUDE_IN_FRAMEWORK_HEADER = YES;
				CLANG_WARN_RANGE_LOOP_ANALYSIS = YES;
				CLANG_WARN_STRICT_PROTOTYPES = YES;
				CLANG_WARN_SUSPICIOUS_MOVE = YES;
				CLANG_WARN_UNGUARDED_AVAILABILITY = YES_AGGRESSIVE;
				CLANG_WARN_UNREACHABLE_CODE = YES;
				CLANG_WARN__DUPLICATE_METHOD_MATCH = YES;
				COPY_PHASE_STRIP = NO;
				DEBUG_INFORMATION_FORMAT = "dwarf-with-dsym";
				ENABLE_NS_ASSERTIONS = NO;
				ENABLE_STRICT_OBJC_MSGSEND = YES;
				GCC_C_LANGUAGE_STANDARD = gnu11;
				GCC_NO_COMMON_BLOCKS = YES;
				GCC_WARN_64_TO_32_BIT_CONVERSION = YES;
				GCC_WARN_ABOUT_RETURN_TYPE = YES_ERROR;
				GCC_WARN_UNDECLARED_SELECTOR = YES;
				GCC_WARN_UNINITIALIZED_AUTOS = YES_AGGRESSIVE;
				GCC_WARN_UNUSED_FUNCTION = YES;
				GCC_WARN_UNUSED_VARIABLE = YES;
				IPHONEOS_DEPLOYMENT_TARGET = 14.4;
				MTL_ENABLE_DEBUG_INFO = NO;
				MTL_FAST_MATH = YES;
				SDKROOT = iphoneos;
				SWIFT_COMPILATION_MODE = wholemodule;
				SWIFT_OPTIMIZATION_LEVEL = "-O";
				VALIDATE_PRODUCT = YES;
			};
			name = Release;
		};
		A607D8AC261A631E00FCFE50 /* Debug */ = {
			isa = XCBuildConfiguration;
			baseConfigurationReference = CB9F85CD92CEC21E357E130C /* Pods-Terna.debug.xcconfig */;
			buildSettings = {
				ASSETCATALOG_COMPILER_APPICON_NAME = AppIcon;
				ASSETCATALOG_COMPILER_GLOBAL_ACCENT_COLOR_NAME = AccentColor;
				CLANG_ENABLE_MODULES = YES;
				CODE_SIGN_STYLE = Automatic;
				DEVELOPMENT_TEAM = GZEPE9U9XR;
				INFOPLIST_FILE = Terna/Info.plist;
				LD_RUNPATH_SEARCH_PATHS = (
					"$(inherited)",
					"@executable_path/Frameworks",
				);
				PRODUCT_BUNDLE_IDENTIFIER = com.audino.luigi.Terna;
				PRODUCT_NAME = "$(TARGET_NAME)";
				SWIFT_OBJC_BRIDGING_HEADER = "Terna/EXTStories/View/Terna-Bridging-Header.h";
				SWIFT_OPTIMIZATION_LEVEL = "-Onone";
				SWIFT_VERSION = 5.0;
				TARGETED_DEVICE_FAMILY = 1;
			};
			name = Debug;
		};
		A607D8AD261A631E00FCFE50 /* Release */ = {
			isa = XCBuildConfiguration;
			baseConfigurationReference = 60BEC0086387A1DE4AE74530 /* Pods-Terna.release.xcconfig */;
			buildSettings = {
				ASSETCATALOG_COMPILER_APPICON_NAME = AppIcon;
				ASSETCATALOG_COMPILER_GLOBAL_ACCENT_COLOR_NAME = AccentColor;
				CLANG_ENABLE_MODULES = YES;
				CODE_SIGN_STYLE = Automatic;
				DEVELOPMENT_TEAM = GZEPE9U9XR;
				INFOPLIST_FILE = Terna/Info.plist;
				LD_RUNPATH_SEARCH_PATHS = (
					"$(inherited)",
					"@executable_path/Frameworks",
				);
				PRODUCT_BUNDLE_IDENTIFIER = com.audino.luigi.Terna;
				PRODUCT_NAME = "$(TARGET_NAME)";
				SWIFT_OBJC_BRIDGING_HEADER = "Terna/EXTStories/View/Terna-Bridging-Header.h";
				SWIFT_VERSION = 5.0;
				TARGETED_DEVICE_FAMILY = 1;
			};
			name = Release;
		};
/* End XCBuildConfiguration section */

/* Begin XCConfigurationList section */
		A607D892261A631D00FCFE50 /* Build configuration list for PBXProject "Terna" */ = {
			isa = XCConfigurationList;
			buildConfigurations = (
				A607D8A9261A631E00FCFE50 /* Debug */,
				A607D8AA261A631E00FCFE50 /* Release */,
			);
			defaultConfigurationIsVisible = 0;
			defaultConfigurationName = Release;
		};
		A607D8AB261A631E00FCFE50 /* Build configuration list for PBXNativeTarget "Terna" */ = {
			isa = XCConfigurationList;
			buildConfigurations = (
				A607D8AC261A631E00FCFE50 /* Debug */,
				A607D8AD261A631E00FCFE50 /* Release */,
			);
			defaultConfigurationIsVisible = 0;
			defaultConfigurationName = Release;
		};
/* End XCConfigurationList section */
	};
	rootObject = A607D88F261A631D00FCFE50 /* Project object */;
}
